[[package]]
name = "appdirs"
version = "1.4.4"
description = "A small Python module for determining appropriate platform-specific dirs, e.g. a \"user data dir\"."
category = "dev"
optional = false
python-versions = "*"

[[package]]
name = "black"
version = "20.8b1"
description = "The uncompromising code formatter."
category = "dev"
optional = false
python-versions = ">=3.6"

[package.dependencies]
appdirs = "*"
click = ">=7.1.2"
mypy-extensions = ">=0.4.3"
pathspec = ">=0.6,<1"
regex = ">=2020.1.8"
toml = ">=0.10.1"
typed-ast = ">=1.4.0"
typing-extensions = ">=3.7.4"

[package.extras]
colorama = ["colorama (>=0.4.3)"]
d = ["aiohttp (>=3.3.2)", "aiohttp-cors"]

[[package]]
name = "certifi"
version = "2021.10.8"
description = "Python package for providing Mozilla's CA Bundle."
category = "main"
optional = false
python-versions = "*"

[[package]]
name = "cffi"
version = "1.15.0"
description = "Foreign Function Interface for Python calling C code."
category = "main"
optional = false
python-versions = "*"

[package.dependencies]
pycparser = "*"

[[package]]
name = "charset-normalizer"
version = "2.0.7"
description = "The Real First Universal Charset Detector. Open, modern and actively maintained alternative to Chardet."
category = "main"
optional = false
python-versions = ">=3.5.0"

[package.extras]
unicode_backport = ["unicodedata2"]

[[package]]
name = "click"
version = "8.0.3"
description = "Composable command line interface toolkit"
category = "dev"
optional = false
python-versions = ">=3.6"

[package.dependencies]
colorama = {version = "*", markers = "platform_system == \"Windows\""}

[[package]]
name = "colorama"
version = "0.4.4"
description = "Cross-platform colored terminal text."
category = "dev"
optional = false
python-versions = ">=2.7, !=3.0.*, !=3.1.*, !=3.2.*, !=3.3.*, !=3.4.*"

[[package]]
name = "deprecated"
version = "1.2.13"
description = "Python @deprecated decorator to deprecate old python classes, functions or methods."
category = "main"
optional = false
python-versions = ">=2.7, !=3.0.*, !=3.1.*, !=3.2.*, !=3.3.*"

[package.dependencies]
wrapt = ">=1.10,<2"

[package.extras]
dev = ["tox", "bump2version (<1)", "sphinx (<2)", "importlib-metadata (<3)", "importlib-resources (<4)", "configparser (<5)", "sphinxcontrib-websupport (<2)", "zipp (<2)", "PyTest (<5)", "PyTest-Cov (<2.6)", "pytest", "pytest-cov"]

[[package]]
name = "gitdb"
version = "4.0.9"
description = "Git Object Database"
category = "main"
optional = false
python-versions = ">=3.6"

[package.dependencies]
smmap = ">=3.0.1,<6"

[[package]]
name = "gitpython"
version = "3.1.24"
description = "GitPython is a python library used to interact with Git repositories"
category = "main"
optional = false
python-versions = ">=3.7"

[package.dependencies]
gitdb = ">=4.0.1,<5"
typing-extensions = {version = ">=3.7.4.3", markers = "python_version < \"3.10\""}

[[package]]
name = "idna"
version = "3.3"
description = "Internationalized Domain Names in Applications (IDNA)"
category = "main"
optional = false
python-versions = ">=3.5"

[[package]]
name = "importlib-metadata"
version = "1.6.1"
description = "Read metadata from Python packages"
category = "main"
optional = false
python-versions = "!=3.0.*,!=3.1.*,!=3.2.*,!=3.3.*,!=3.4.*,>=2.7"

[package.dependencies]
zipp = ">=0.5"

[package.extras]
docs = ["sphinx", "rst.linker"]
testing = ["packaging", "pep517", "importlib-resources (>=1.3)"]

[[package]]
name = "markdown-strings"
version = "3.3.0"
description = "Create markdown formatted text"
category = "main"
optional = false
python-versions = "*"

[[package]]
name = "mypy"
version = "0.800"
description = "Optional static typing for Python"
category = "dev"
optional = false
python-versions = ">=3.5"

[package.dependencies]
mypy-extensions = ">=0.4.3,<0.5.0"
typed-ast = ">=1.4.0,<1.5.0"
typing-extensions = ">=3.7.4"

[package.extras]
dmypy = ["psutil (>=4.0)"]

[[package]]
name = "mypy-extensions"
version = "0.4.3"
description = "Experimental type system extensions for programs checked with the mypy typechecker."
category = "dev"
optional = false
python-versions = "*"

[[package]]
name = "pathspec"
version = "0.9.0"
description = "Utility library for gitignore style pattern matching of file paths."
category = "dev"
optional = false
python-versions = "!=3.0.*,!=3.1.*,!=3.2.*,!=3.3.*,!=3.4.*,>=2.7"

[[package]]
name = "pycparser"
version = "2.21"
description = "C parser in Python"
category = "main"
optional = false
python-versions = ">=2.7, !=3.0.*, !=3.1.*, !=3.2.*, !=3.3.*"

[[package]]
name = "pygithub"
version = "1.55"
description = "Use the full Github API v3"
category = "main"
optional = false
python-versions = ">=3.6"

[package.dependencies]
deprecated = "*"
pyjwt = ">=2.0"
pynacl = ">=1.4.0"
requests = ">=2.14.0"

[package.extras]
integrations = ["cryptography"]

[[package]]
name = "pyjwt"
version = "2.3.0"
description = "JSON Web Token implementation in Python"
category = "main"
optional = false
python-versions = ">=3.6"

[package.extras]
crypto = ["cryptography (>=3.3.1)"]
dev = ["sphinx", "sphinx-rtd-theme", "zope.interface", "cryptography (>=3.3.1)", "pytest (>=6.0.0,<7.0.0)", "coverage[toml] (==5.0.4)", "mypy", "pre-commit"]
docs = ["sphinx", "sphinx-rtd-theme", "zope.interface"]
tests = ["pytest (>=6.0.0,<7.0.0)", "coverage[toml] (==5.0.4)"]

[[package]]
name = "pynacl"
version = "1.4.0"
description = "Python binding to the Networking and Cryptography (NaCl) library"
category = "main"
optional = false
python-versions = ">=2.7, !=3.0.*, !=3.1.*, !=3.2.*, !=3.3.*"

[package.dependencies]
cffi = ">=1.4.1"
six = "*"

[package.extras]
docs = ["sphinx (>=1.6.5)", "sphinx-rtd-theme"]
tests = ["pytest (>=3.2.1,!=3.3.0)", "hypothesis (>=3.27.0)"]

[[package]]
name = "python-decouple"
version = "3.5"
description = "Strict separation of settings from code."
category = "main"
optional = false
python-versions = "*"

[[package]]
name = "regex"
version = "2021.11.10"
description = "Alternative regular expression module, to replace re."
category = "dev"
optional = false
python-versions = "*"

[[package]]
name = "requests"
version = "2.26.0"
description = "Python HTTP for Humans."
category = "main"
optional = false
python-versions = ">=2.7, !=3.0.*, !=3.1.*, !=3.2.*, !=3.3.*, !=3.4.*, !=3.5.*"

[package.dependencies]
certifi = ">=2017.4.17"
charset-normalizer = {version = ">=2.0.0,<2.1.0", markers = "python_version >= \"3\""}
idna = {version = ">=2.5,<4", markers = "python_version >= \"3\""}
urllib3 = ">=1.21.1,<1.27"

[package.extras]
socks = ["PySocks (>=1.5.6,!=1.5.7)", "win-inet-pton"]
use_chardet_on_py3 = ["chardet (>=3.0.2,<5)"]

[[package]]
name = "six"
version = "1.16.0"
description = "Python 2 and 3 compatibility utilities"
category = "main"
optional = false
python-versions = ">=2.7, !=3.0.*, !=3.1.*, !=3.2.*"

[[package]]
name = "smmap"
version = "5.0.0"
description = "A pure Python implementation of a sliding window memory map manager"
category = "main"
optional = false
python-versions = ">=3.6"

[[package]]
name = "toml"
version = "0.10.2"
description = "Python Library for Tom's Obvious, Minimal Language"
category = "dev"
optional = false
python-versions = ">=2.6, !=3.0.*, !=3.1.*, !=3.2.*"

[[package]]
name = "typed-ast"
version = "1.4.3"
description = "a fork of Python 2 and 3 ast modules with type comment support"
category = "dev"
optional = false
python-versions = "*"

[[package]]
name = "typing-extensions"
version = "4.0.0"
description = "Backported and Experimental Type Hints for Python 3.6+"
category = "main"
optional = false
python-versions = ">=3.6"

[[package]]
name = "urllib3"
version = "1.26.7"
description = "HTTP library with thread-safe connection pooling, file post, and more."
category = "main"
optional = false
python-versions = ">=2.7, !=3.0.*, !=3.1.*, !=3.2.*, !=3.3.*, !=3.4.*, <4"

[package.extras]
brotli = ["brotlipy (>=0.6.0)"]
secure = ["pyOpenSSL (>=0.14)", "cryptography (>=1.3.4)", "idna (>=2.0.0)", "certifi", "ipaddress"]
socks = ["PySocks (>=1.5.6,!=1.5.7,<2.0)"]

[[package]]
name = "wrapt"
version = "1.13.3"
description = "Module for decorators, wrappers and monkey patching."
category = "main"
optional = false
python-versions = "!=3.0.*,!=3.1.*,!=3.2.*,!=3.3.*,!=3.4.*,>=2.7"

[[package]]
name = "zipp"
version = "3.6.0"
description = "Backport of pathlib-compatible object wrapper for zip files"
category = "main"
optional = false
python-versions = ">=3.6"

[package.extras]
docs = ["sphinx", "jaraco.packaging (>=8.2)", "rst.linker (>=1.9)"]
testing = ["pytest (>=4.6)", "pytest-checkdocs (>=2.4)", "pytest-flake8", "pytest-cov", "pytest-enabler (>=1.0.1)", "jaraco.itertools", "func-timeout", "pytest-black (>=0.3.7)", "pytest-mypy"]

[metadata]
lock-version = "1.1"
python-versions = "^3.8"
content-hash = "80f1a735026ad06cc41bfbce6f546d022acb786e6e5754776db2a50dc676a1bd"

[metadata.files]
appdirs = [
    {file = "appdirs-1.4.4-py2.py3-none-any.whl", hash = "sha256:a841dacd6b99318a741b166adb07e19ee71a274450e68237b4650ca1055ab128"},
    {file = "appdirs-1.4.4.tar.gz", hash = "sha256:7d5d0167b2b1ba821647616af46a749d1c653740dd0d2415100fe26e27afdf41"},
]
black = [
    {file = "black-20.8b1.tar.gz", hash = "sha256:1c02557aa099101b9d21496f8a914e9ed2222ef70336404eeeac8edba836fbea"},
]
certifi = [
    {file = "certifi-2021.10.8-py2.py3-none-any.whl", hash = "sha256:d62a0163eb4c2344ac042ab2bdf75399a71a2d8c7d47eac2e2ee91b9d6339569"},
    {file = "certifi-2021.10.8.tar.gz", hash = "sha256:78884e7c1d4b00ce3cea67b44566851c4343c120abd683433ce934a68ea58872"},
]
cffi = [
    {file = "cffi-1.15.0-cp27-cp27m-macosx_10_9_x86_64.whl", hash = "sha256:c2502a1a03b6312837279c8c1bd3ebedf6c12c4228ddbad40912d671ccc8a962"},
    {file = "cffi-1.15.0-cp27-cp27m-manylinux1_i686.whl", hash = "sha256:23cfe892bd5dd8941608f93348c0737e369e51c100d03718f108bf1add7bd6d0"},
    {file = "cffi-1.15.0-cp27-cp27m-manylinux1_x86_64.whl", hash = "sha256:41d45de54cd277a7878919867c0f08b0cf817605e4eb94093e7516505d3c8d14"},
    {file = "cffi-1.15.0-cp27-cp27m-win32.whl", hash = "sha256:4a306fa632e8f0928956a41fa8e1d6243c71e7eb59ffbd165fc0b41e316b2474"},
    {file = "cffi-1.15.0-cp27-cp27m-win_amd64.whl", hash = "sha256:e7022a66d9b55e93e1a845d8c9eba2a1bebd4966cd8bfc25d9cd07d515b33fa6"},
    {file = "cffi-1.15.0-cp27-cp27mu-manylinux1_i686.whl", hash = "sha256:14cd121ea63ecdae71efa69c15c5543a4b5fbcd0bbe2aad864baca0063cecf27"},
    {file = "cffi-1.15.0-cp27-cp27mu-manylinux1_x86_64.whl", hash = "sha256:d4d692a89c5cf08a8557fdeb329b82e7bf609aadfaed6c0d79f5a449a3c7c023"},
    {file = "cffi-1.15.0-cp310-cp310-macosx_10_9_x86_64.whl", hash = "sha256:0104fb5ae2391d46a4cb082abdd5c69ea4eab79d8d44eaaf79f1b1fd806ee4c2"},
    {file = "cffi-1.15.0-cp310-cp310-macosx_11_0_arm64.whl", hash = "sha256:91ec59c33514b7c7559a6acda53bbfe1b283949c34fe7440bcf917f96ac0723e"},
    {file = "cffi-1.15.0-cp310-cp310-manylinux_2_12_i686.manylinux2010_i686.whl", hash = "sha256:f5c7150ad32ba43a07c4479f40241756145a1f03b43480e058cfd862bf5041c7"},
    {file = "cffi-1.15.0-cp310-cp310-manylinux_2_12_x86_64.manylinux2010_x86_64.whl", hash = "sha256:00c878c90cb53ccfaae6b8bc18ad05d2036553e6d9d1d9dbcf323bbe83854ca3"},
    {file = "cffi-1.15.0-cp310-cp310-manylinux_2_17_aarch64.manylinux2014_aarch64.whl", hash = "sha256:abb9a20a72ac4e0fdb50dae135ba5e77880518e742077ced47eb1499e29a443c"},
    {file = "cffi-1.15.0-cp310-cp310-manylinux_2_17_ppc64le.manylinux2014_ppc64le.whl", hash = "sha256:a5263e363c27b653a90078143adb3d076c1a748ec9ecc78ea2fb916f9b861962"},
    {file = "cffi-1.15.0-cp310-cp310-manylinux_2_17_s390x.manylinux2014_s390x.whl", hash = "sha256:f54a64f8b0c8ff0b64d18aa76675262e1700f3995182267998c31ae974fbc382"},
    {file = "cffi-1.15.0-cp310-cp310-win32.whl", hash = "sha256:c21c9e3896c23007803a875460fb786118f0cdd4434359577ea25eb556e34c55"},
    {file = "cffi-1.15.0-cp310-cp310-win_amd64.whl", hash = "sha256:5e069f72d497312b24fcc02073d70cb989045d1c91cbd53979366077959933e0"},
    {file = "cffi-1.15.0-cp36-cp36m-macosx_10_9_x86_64.whl", hash = "sha256:64d4ec9f448dfe041705426000cc13e34e6e5bb13736e9fd62e34a0b0c41566e"},
    {file = "cffi-1.15.0-cp36-cp36m-manylinux_2_17_aarch64.manylinux2014_aarch64.whl", hash = "sha256:2756c88cbb94231c7a147402476be2c4df2f6078099a6f4a480d239a8817ae39"},
    {file = "cffi-1.15.0-cp36-cp36m-manylinux_2_17_ppc64le.manylinux2014_ppc64le.whl", hash = "sha256:3b96a311ac60a3f6be21d2572e46ce67f09abcf4d09344c49274eb9e0bf345fc"},
    {file = "cffi-1.15.0-cp36-cp36m-manylinux_2_17_s390x.manylinux2014_s390x.whl", hash = "sha256:75e4024375654472cc27e91cbe9eaa08567f7fbdf822638be2814ce059f58032"},
    {file = "cffi-1.15.0-cp36-cp36m-manylinux_2_5_i686.manylinux1_i686.whl", hash = "sha256:59888172256cac5629e60e72e86598027aca6bf01fa2465bdb676d37636573e8"},
    {file = "cffi-1.15.0-cp36-cp36m-manylinux_2_5_x86_64.manylinux1_x86_64.whl", hash = "sha256:27c219baf94952ae9d50ec19651a687b826792055353d07648a5695413e0c605"},
    {file = "cffi-1.15.0-cp36-cp36m-win32.whl", hash = "sha256:4958391dbd6249d7ad855b9ca88fae690783a6be9e86df65865058ed81fc860e"},
    {file = "cffi-1.15.0-cp36-cp36m-win_amd64.whl", hash = "sha256:f6f824dc3bce0edab5f427efcfb1d63ee75b6fcb7282900ccaf925be84efb0fc"},
    {file = "cffi-1.15.0-cp37-cp37m-macosx_10_9_x86_64.whl", hash = "sha256:06c48159c1abed75c2e721b1715c379fa3200c7784271b3c46df01383b593636"},
    {file = "cffi-1.15.0-cp37-cp37m-manylinux_2_12_i686.manylinux2010_i686.whl", hash = "sha256:c2051981a968d7de9dd2d7b87bcb9c939c74a34626a6e2f8181455dd49ed69e4"},
    {file = "cffi-1.15.0-cp37-cp37m-manylinux_2_12_x86_64.manylinux2010_x86_64.whl", hash = "sha256:fd8a250edc26254fe5b33be00402e6d287f562b6a5b2152dec302fa15bb3e997"},
    {file = "cffi-1.15.0-cp37-cp37m-manylinux_2_17_aarch64.manylinux2014_aarch64.whl", hash = "sha256:91d77d2a782be4274da750752bb1650a97bfd8f291022b379bb8e01c66b4e96b"},
    {file = "cffi-1.15.0-cp37-cp37m-manylinux_2_17_ppc64le.manylinux2014_ppc64le.whl", hash = "sha256:45db3a33139e9c8f7c09234b5784a5e33d31fd6907800b316decad50af323ff2"},
    {file = "cffi-1.15.0-cp37-cp37m-manylinux_2_17_s390x.manylinux2014_s390x.whl", hash = "sha256:263cc3d821c4ab2213cbe8cd8b355a7f72a8324577dc865ef98487c1aeee2bc7"},
    {file = "cffi-1.15.0-cp37-cp37m-win32.whl", hash = "sha256:17771976e82e9f94976180f76468546834d22a7cc404b17c22df2a2c81db0c66"},
    {file = "cffi-1.15.0-cp37-cp37m-win_amd64.whl", hash = "sha256:3415c89f9204ee60cd09b235810be700e993e343a408693e80ce7f6a40108029"},
    {file = "cffi-1.15.0-cp38-cp38-macosx_10_9_x86_64.whl", hash = "sha256:4238e6dab5d6a8ba812de994bbb0a79bddbdf80994e4ce802b6f6f3142fcc880"},
    {file = "cffi-1.15.0-cp38-cp38-manylinux_2_12_i686.manylinux2010_i686.whl", hash = "sha256:0808014eb713677ec1292301ea4c81ad277b6cdf2fdd90fd540af98c0b101d20"},
    {file = "cffi-1.15.0-cp38-cp38-manylinux_2_12_x86_64.manylinux2010_x86_64.whl", hash = "sha256:57e9ac9ccc3101fac9d6014fba037473e4358ef4e89f8e181f8951a2c0162024"},
    {file = "cffi-1.15.0-cp38-cp38-manylinux_2_17_aarch64.manylinux2014_aarch64.whl", hash = "sha256:8b6c2ea03845c9f501ed1313e78de148cd3f6cad741a75d43a29b43da27f2e1e"},
    {file = "cffi-1.15.0-cp38-cp38-manylinux_2_17_ppc64le.manylinux2014_ppc64le.whl", hash = "sha256:10dffb601ccfb65262a27233ac273d552ddc4d8ae1bf93b21c94b8511bffe728"},
    {file = "cffi-1.15.0-cp38-cp38-manylinux_2_17_s390x.manylinux2014_s390x.whl", hash = "sha256:786902fb9ba7433aae840e0ed609f45c7bcd4e225ebb9c753aa39725bb3e6ad6"},
    {file = "cffi-1.15.0-cp38-cp38-win32.whl", hash = "sha256:da5db4e883f1ce37f55c667e5c0de439df76ac4cb55964655906306918e7363c"},
    {file = "cffi-1.15.0-cp38-cp38-win_amd64.whl", hash = "sha256:181dee03b1170ff1969489acf1c26533710231c58f95534e3edac87fff06c443"},
    {file = "cffi-1.15.0-cp39-cp39-macosx_10_9_x86_64.whl", hash = "sha256:45e8636704eacc432a206ac7345a5d3d2c62d95a507ec70d62f23cd91770482a"},
    {file = "cffi-1.15.0-cp39-cp39-macosx_11_0_arm64.whl", hash = "sha256:31fb708d9d7c3f49a60f04cf5b119aeefe5644daba1cd2a0fe389b674fd1de37"},
    {file = "cffi-1.15.0-cp39-cp39-manylinux_2_12_i686.manylinux2010_i686.whl", hash = "sha256:6dc2737a3674b3e344847c8686cf29e500584ccad76204efea14f451d4cc669a"},
    {file = "cffi-1.15.0-cp39-cp39-manylinux_2_12_x86_64.manylinux2010_x86_64.whl", hash = "sha256:74fdfdbfdc48d3f47148976f49fab3251e550a8720bebc99bf1483f5bfb5db3e"},
    {file = "cffi-1.15.0-cp39-cp39-manylinux_2_17_aarch64.manylinux2014_aarch64.whl", hash = "sha256:ffaa5c925128e29efbde7301d8ecaf35c8c60ffbcd6a1ffd3a552177c8e5e796"},
    {file = "cffi-1.15.0-cp39-cp39-manylinux_2_17_ppc64le.manylinux2014_ppc64le.whl", hash = "sha256:3f7d084648d77af029acb79a0ff49a0ad7e9d09057a9bf46596dac9514dc07df"},
    {file = "cffi-1.15.0-cp39-cp39-manylinux_2_17_s390x.manylinux2014_s390x.whl", hash = "sha256:ef1f279350da2c586a69d32fc8733092fd32cc8ac95139a00377841f59a3f8d8"},
    {file = "cffi-1.15.0-cp39-cp39-win32.whl", hash = "sha256:2a23af14f408d53d5e6cd4e3d9a24ff9e05906ad574822a10563efcef137979a"},
    {file = "cffi-1.15.0-cp39-cp39-win_amd64.whl", hash = "sha256:3773c4d81e6e818df2efbc7dd77325ca0dcb688116050fb2b3011218eda36139"},
    {file = "cffi-1.15.0.tar.gz", hash = "sha256:920f0d66a896c2d99f0adbb391f990a84091179542c205fa53ce5787aff87954"},
]
charset-normalizer = [
    {file = "charset-normalizer-2.0.7.tar.gz", hash = "sha256:e019de665e2bcf9c2b64e2e5aa025fa991da8720daa3c1138cadd2fd1856aed0"},
    {file = "charset_normalizer-2.0.7-py3-none-any.whl", hash = "sha256:f7af805c321bfa1ce6714c51f254e0d5bb5e5834039bc17db7ebe3a4cec9492b"},
]
click = [
    {file = "click-8.0.3-py3-none-any.whl", hash = "sha256:353f466495adaeb40b6b5f592f9f91cb22372351c84caeb068132442a4518ef3"},
    {file = "click-8.0.3.tar.gz", hash = "sha256:410e932b050f5eed773c4cda94de75971c89cdb3155a72a0831139a79e5ecb5b"},
]
colorama = [
    {file = "colorama-0.4.4-py2.py3-none-any.whl", hash = "sha256:9f47eda37229f68eee03b24b9748937c7dc3868f906e8ba69fbcbdd3bc5dc3e2"},
    {file = "colorama-0.4.4.tar.gz", hash = "sha256:5941b2b48a20143d2267e95b1c2a7603ce057ee39fd88e7329b0c292aa16869b"},
]
deprecated = [
    {file = "Deprecated-1.2.13-py2.py3-none-any.whl", hash = "sha256:64756e3e14c8c5eea9795d93c524551432a0be75629f8f29e67ab8caf076c76d"},
    {file = "Deprecated-1.2.13.tar.gz", hash = "sha256:43ac5335da90c31c24ba028af536a91d41d53f9e6901ddb021bcc572ce44e38d"},
]
gitdb = [
    {file = "gitdb-4.0.9-py3-none-any.whl", hash = "sha256:8033ad4e853066ba6ca92050b9df2f89301b8fc8bf7e9324d412a63f8bf1a8fd"},
    {file = "gitdb-4.0.9.tar.gz", hash = "sha256:bac2fd45c0a1c9cf619e63a90d62bdc63892ef92387424b855792a6cabe789aa"},
]
gitpython = [
    {file = "GitPython-3.1.24-py3-none-any.whl", hash = "sha256:dc0a7f2f697657acc8d7f89033e8b1ea94dd90356b2983bca89dc8d2ab3cc647"},
    {file = "GitPython-3.1.24.tar.gz", hash = "sha256:df83fdf5e684fef7c6ee2c02fc68a5ceb7e7e759d08b694088d0cacb4eba59e5"},
]
idna = [
    {file = "idna-3.3-py3-none-any.whl", hash = "sha256:84d9dd047ffa80596e0f246e2eab0b391788b0503584e8945f2368256d2735ff"},
    {file = "idna-3.3.tar.gz", hash = "sha256:9d643ff0a55b762d5cdb124b8eaa99c66322e2157b69160bc32796e824360e6d"},
]
importlib-metadata = [
    {file = "importlib_metadata-1.6.1-py2.py3-none-any.whl", hash = "sha256:15ec6c0fd909e893e3a08b3a7c76ecb149122fb14b7efe1199ddd4c7c57ea958"},
    {file = "importlib_metadata-1.6.1.tar.gz", hash = "sha256:0505dd08068cfec00f53a74a0ad927676d7757da81b7436a6eefe4c7cf75c545"},
]
markdown-strings = [
    {file = "markdown_strings-3.3.0-py2.py3-none-any.whl", hash = "sha256:dec9c315feeb8458fc5e0f17db203781e0a5cedaad83da0b3eda5388c4f69207"},
]
mypy = [
    {file = "mypy-0.800-cp35-cp35m-macosx_10_9_x86_64.whl", hash = "sha256:e1c84c65ff6d69fb42958ece5b1255394714e0aac4df5ffe151bc4fe19c7600a"},
    {file = "mypy-0.800-cp35-cp35m-manylinux1_x86_64.whl", hash = "sha256:947126195bfe4709c360e89b40114c6746ae248f04d379dca6f6ab677aa07641"},
    {file = "mypy-0.800-cp35-cp35m-manylinux2010_x86_64.whl", hash = "sha256:b95068a3ce3b50332c40e31a955653be245666a4bc7819d3c8898aa9fb9ea496"},
    {file = "mypy-0.800-cp35-cp35m-win_amd64.whl", hash = "sha256:ca7ad5aed210841f1e77f5f2f7d725b62c78fa77519312042c719ed2ab937876"},
    {file = "mypy-0.800-cp36-cp36m-macosx_10_9_x86_64.whl", hash = "sha256:e32b7b282c4ed4e378bba8b8dfa08e1cfa6f6574067ef22f86bee5b1039de0c9"},
    {file = "mypy-0.800-cp36-cp36m-manylinux1_x86_64.whl", hash = "sha256:e497a544391f733eca922fdcb326d19e894789cd4ff61d48b4b195776476c5cf"},
    {file = "mypy-0.800-cp36-cp36m-manylinux2010_x86_64.whl", hash = "sha256:5615785d3e2f4f03ab7697983d82c4b98af5c321614f51b8f1034eb9ebe48363"},
    {file = "mypy-0.800-cp36-cp36m-win_amd64.whl", hash = "sha256:2b216eacca0ec0ee124af9429bfd858d5619a0725ee5f88057e6e076f9eb1a7b"},
    {file = "mypy-0.800-cp37-cp37m-macosx_10_9_x86_64.whl", hash = "sha256:e3b8432f8df19e3c11235c4563a7250666dc9aa7cdda58d21b4177b20256ca9f"},
    {file = "mypy-0.800-cp37-cp37m-manylinux1_x86_64.whl", hash = "sha256:d16c54b0dffb861dc6318a8730952265876d90c5101085a4bc56913e8521ba19"},
    {file = "mypy-0.800-cp37-cp37m-manylinux2010_x86_64.whl", hash = "sha256:0d2fc8beb99cd88f2d7e20d69131353053fbecea17904ee6f0348759302c52fa"},
    {file = "mypy-0.800-cp37-cp37m-win_amd64.whl", hash = "sha256:aa9d4901f3ee1a986a3a79fe079ffbf7f999478c281376f48faa31daaa814e86"},
    {file = "mypy-0.800-cp38-cp38-macosx_10_9_x86_64.whl", hash = "sha256:319ee5c248a7c3f94477f92a729b7ab06bf8a6d04447ef3aa8c9ba2aa47c6dcf"},
    {file = "mypy-0.800-cp38-cp38-manylinux1_x86_64.whl", hash = "sha256:74f5aa50d0866bc6fb8e213441c41e466c86678c800700b87b012ed11c0a13e0"},
    {file = "mypy-0.800-cp38-cp38-manylinux2010_x86_64.whl", hash = "sha256:a301da58d566aca05f8f449403c710c50a9860782148332322decf73a603280b"},
    {file = "mypy-0.800-cp38-cp38-win_amd64.whl", hash = "sha256:b9150db14a48a8fa114189bfe49baccdff89da8c6639c2717750c7ae62316738"},
    {file = "mypy-0.800-cp39-cp39-macosx_10_9_x86_64.whl", hash = "sha256:f5fdf935a46aa20aa937f2478480ebf4be9186e98e49cc3843af9a5795a49a25"},
    {file = "mypy-0.800-cp39-cp39-manylinux1_x86_64.whl", hash = "sha256:6f8425fecd2ba6007e526209bb985ce7f49ed0d2ac1cc1a44f243380a06a84fb"},
    {file = "mypy-0.800-cp39-cp39-manylinux2010_x86_64.whl", hash = "sha256:5ff616787122774f510caeb7b980542a7cc2222be3f00837a304ea85cd56e488"},
    {file = "mypy-0.800-cp39-cp39-win_amd64.whl", hash = "sha256:90b6f46dc2181d74f80617deca611925d7e63007cf416397358aa42efb593e07"},
    {file = "mypy-0.800-py3-none-any.whl", hash = "sha256:3e0c159a7853e3521e3f582adb1f3eac66d0b0639d434278e2867af3a8c62653"},
    {file = "mypy-0.800.tar.gz", hash = "sha256:e0202e37756ed09daf4b0ba64ad2c245d357659e014c3f51d8cd0681ba66940a"},
]
mypy-extensions = [
    {file = "mypy_extensions-0.4.3-py2.py3-none-any.whl", hash = "sha256:090fedd75945a69ae91ce1303b5824f428daf5a028d2f6ab8a299250a846f15d"},
    {file = "mypy_extensions-0.4.3.tar.gz", hash = "sha256:2d82818f5bb3e369420cb3c4060a7970edba416647068eb4c5343488a6c604a8"},
]
pathspec = [
    {file = "pathspec-0.9.0-py2.py3-none-any.whl", hash = "sha256:7d15c4ddb0b5c802d161efc417ec1a2558ea2653c2e8ad9c19098201dc1c993a"},
    {file = "pathspec-0.9.0.tar.gz", hash = "sha256:e564499435a2673d586f6b2130bb5b95f04a3ba06f81b8f895b651a3c76aabb1"},
]
pycparser = [
    {file = "pycparser-2.21-py2.py3-none-any.whl", hash = "sha256:8ee45429555515e1f6b185e78100aea234072576aa43ab53aefcae078162fca9"},
    {file = "pycparser-2.21.tar.gz", hash = "sha256:e644fdec12f7872f86c58ff790da456218b10f863970249516d60a5eaca77206"},
]
pygithub = [
    {file = "PyGithub-1.55-py3-none-any.whl", hash = "sha256:2caf0054ea079b71e539741ae56c5a95e073b81fa472ce222e81667381b9601b"},
    {file = "PyGithub-1.55.tar.gz", hash = "sha256:1bbfff9372047ff3f21d5cd8e07720f3dbfdaf6462fcaed9d815f528f1ba7283"},
]
pyjwt = [
    {file = "PyJWT-2.3.0-py3-none-any.whl", hash = "sha256:e0c4bb8d9f0af0c7f5b1ec4c5036309617d03d56932877f2f7a0beeb5318322f"},
    {file = "PyJWT-2.3.0.tar.gz", hash = "sha256:b888b4d56f06f6dcd777210c334e69c737be74755d3e5e9ee3fe67dc18a0ee41"},
]
pynacl = [
    {file = "PyNaCl-1.4.0-cp27-cp27m-macosx_10_10_x86_64.whl", hash = "sha256:ea6841bc3a76fa4942ce00f3bda7d436fda21e2d91602b9e21b7ca9ecab8f3ff"},
    {file = "PyNaCl-1.4.0-cp27-cp27m-manylinux1_x86_64.whl", hash = "sha256:d452a6746f0a7e11121e64625109bc4468fc3100452817001dbe018bb8b08514"},
    {file = "PyNaCl-1.4.0-cp27-cp27m-win32.whl", hash = "sha256:2fe0fc5a2480361dcaf4e6e7cea00e078fcda07ba45f811b167e3f99e8cff574"},
    {file = "PyNaCl-1.4.0-cp27-cp27m-win_amd64.whl", hash = "sha256:f8851ab9041756003119368c1e6cd0b9c631f46d686b3904b18c0139f4419f80"},
    {file = "PyNaCl-1.4.0-cp27-cp27mu-manylinux1_x86_64.whl", hash = "sha256:7757ae33dae81c300487591c68790dfb5145c7d03324000433d9a2c141f82af7"},
    {file = "PyNaCl-1.4.0-cp35-abi3-macosx_10_10_x86_64.whl", hash = "sha256:757250ddb3bff1eecd7e41e65f7f833a8405fede0194319f87899690624f2122"},
    {file = "PyNaCl-1.4.0-cp35-abi3-manylinux1_x86_64.whl", hash = "sha256:30f9b96db44e09b3304f9ea95079b1b7316b2b4f3744fe3aaecccd95d547063d"},
    {file = "PyNaCl-1.4.0-cp35-abi3-win32.whl", hash = "sha256:4e10569f8cbed81cb7526ae137049759d2a8d57726d52c1a000a3ce366779634"},
    {file = "PyNaCl-1.4.0-cp35-abi3-win_amd64.whl", hash = "sha256:c914f78da4953b33d4685e3cdc7ce63401247a21425c16a39760e282075ac4a6"},
    {file = "PyNaCl-1.4.0-cp35-cp35m-win32.whl", hash = "sha256:06cbb4d9b2c4bd3c8dc0d267416aaed79906e7b33f114ddbf0911969794b1cc4"},
    {file = "PyNaCl-1.4.0-cp35-cp35m-win_amd64.whl", hash = "sha256:511d269ee845037b95c9781aa702f90ccc36036f95d0f31373a6a79bd8242e25"},
    {file = "PyNaCl-1.4.0-cp36-cp36m-win32.whl", hash = "sha256:11335f09060af52c97137d4ac54285bcb7df0cef29014a1a4efe64ac065434c4"},
    {file = "PyNaCl-1.4.0-cp36-cp36m-win_amd64.whl", hash = "sha256:cd401ccbc2a249a47a3a1724c2918fcd04be1f7b54eb2a5a71ff915db0ac51c6"},
    {file = "PyNaCl-1.4.0-cp37-cp37m-win32.whl", hash = "sha256:8122ba5f2a2169ca5da936b2e5a511740ffb73979381b4229d9188f6dcb22f1f"},
    {file = "PyNaCl-1.4.0-cp37-cp37m-win_amd64.whl", hash = "sha256:537a7ccbea22905a0ab36ea58577b39d1fa9b1884869d173b5cf111f006f689f"},
    {file = "PyNaCl-1.4.0-cp38-cp38-win32.whl", hash = "sha256:9c4a7ea4fb81536c1b1f5cc44d54a296f96ae78c1ebd2311bd0b60be45a48d96"},
    {file = "PyNaCl-1.4.0-cp38-cp38-win_amd64.whl", hash = "sha256:7c6092102219f59ff29788860ccb021e80fffd953920c4a8653889c029b2d420"},
    {file = "PyNaCl-1.4.0.tar.gz", hash = "sha256:54e9a2c849c742006516ad56a88f5c74bf2ce92c9f67435187c3c5953b346505"},
]
python-decouple = [
    {file = "python-decouple-3.5.tar.gz", hash = "sha256:68e4b3fcc97e24bc90eecc514852d0bf970f4ff031f5f7a6728ddafa9afefcaf"},
    {file = "python_decouple-3.5-py3-none-any.whl", hash = "sha256:011d3f785367c54a72cf8a07d3a7a48bb8cc1a0f8e6c70353ca5767ebf7c8c9d"},
]
regex = [
    {file = "regex-2021.11.10-cp310-cp310-macosx_10_9_x86_64.whl", hash = "sha256:9345b6f7ee578bad8e475129ed40123d265464c4cfead6c261fd60fc9de00bcf"},
    {file = "regex-2021.11.10-cp310-cp310-macosx_11_0_arm64.whl", hash = "sha256:416c5f1a188c91e3eb41e9c8787288e707f7d2ebe66e0a6563af280d9b68478f"},
    {file = "regex-2021.11.10-cp310-cp310-manylinux_2_17_aarch64.manylinux2014_aarch64.whl", hash = "sha256:e0538c43565ee6e703d3a7c3bdfe4037a5209250e8502c98f20fea6f5fdf2965"},
    {file = "regex-2021.11.10-cp310-cp310-manylinux_2_17_ppc64le.manylinux2014_ppc64le.whl", hash = "sha256:7ee1227cf08b6716c85504aebc49ac827eb88fcc6e51564f010f11a406c0a667"},
    {file = "regex-2021.11.10-cp310-cp310-manylinux_2_17_s390x.manylinux2014_s390x.whl", hash = "sha256:6650f16365f1924d6014d2ea770bde8555b4a39dc9576abb95e3cd1ff0263b36"},
    {file = "regex-2021.11.10-cp310-cp310-manylinux_2_17_x86_64.manylinux2014_x86_64.whl", hash = "sha256:30ab804ea73972049b7a2a5c62d97687d69b5a60a67adca07eb73a0ddbc9e29f"},
    {file = "regex-2021.11.10-cp310-cp310-manylinux_2_5_i686.manylinux1_i686.manylinux_2_17_i686.manylinux2014_i686.whl", hash = "sha256:68a067c11463de2a37157930d8b153005085e42bcb7ad9ca562d77ba7d1404e0"},
    {file = "regex-2021.11.10-cp310-cp310-manylinux_2_5_x86_64.manylinux1_x86_64.manylinux_2_12_x86_64.manylinux2010_x86_64.whl", hash = "sha256:162abfd74e88001d20cb73ceaffbfe601469923e875caf9118333b1a4aaafdc4"},
    {file = "regex-2021.11.10-cp310-cp310-win32.whl", hash = "sha256:98ba568e8ae26beb726aeea2273053c717641933836568c2a0278a84987b2a1a"},
    {file = "regex-2021.11.10-cp310-cp310-win_amd64.whl", hash = "sha256:780b48456a0f0ba4d390e8b5f7c661fdd218934388cde1a974010a965e200e12"},
    {file = "regex-2021.11.10-cp36-cp36m-macosx_10_9_x86_64.whl", hash = "sha256:dba70f30fd81f8ce6d32ddeef37d91c8948e5d5a4c63242d16a2b2df8143aafc"},
    {file = "regex-2021.11.10-cp36-cp36m-manylinux_2_17_aarch64.manylinux2014_aarch64.whl", hash = "sha256:e1f54b9b4b6c53369f40028d2dd07a8c374583417ee6ec0ea304e710a20f80a0"},
    {file = "regex-2021.11.10-cp36-cp36m-manylinux_2_17_ppc64le.manylinux2014_ppc64le.whl", hash = "sha256:fbb9dc00e39f3e6c0ef48edee202f9520dafb233e8b51b06b8428cfcb92abd30"},
    {file = "regex-2021.11.10-cp36-cp36m-manylinux_2_17_s390x.manylinux2014_s390x.whl", hash = "sha256:666abff54e474d28ff42756d94544cdfd42e2ee97065857413b72e8a2d6a6345"},
    {file = "regex-2021.11.10-cp36-cp36m-manylinux_2_17_x86_64.manylinux2014_x86_64.whl", hash = "sha256:5537f71b6d646f7f5f340562ec4c77b6e1c915f8baae822ea0b7e46c1f09b733"},
    {file = "regex-2021.11.10-cp36-cp36m-manylinux_2_5_i686.manylinux1_i686.manylinux_2_17_i686.manylinux2014_i686.whl", hash = "sha256:ed2e07c6a26ed4bea91b897ee2b0835c21716d9a469a96c3e878dc5f8c55bb23"},
    {file = "regex-2021.11.10-cp36-cp36m-manylinux_2_5_x86_64.manylinux1_x86_64.manylinux_2_12_x86_64.manylinux2010_x86_64.whl", hash = "sha256:ca5f18a75e1256ce07494e245cdb146f5a9267d3c702ebf9b65c7f8bd843431e"},
    {file = "regex-2021.11.10-cp36-cp36m-win32.whl", hash = "sha256:93a5051fcf5fad72de73b96f07d30bc29665697fb8ecdfbc474f3452c78adcf4"},
    {file = "regex-2021.11.10-cp36-cp36m-win_amd64.whl", hash = "sha256:b483c9d00a565633c87abd0aaf27eb5016de23fed952e054ecc19ce32f6a9e7e"},
    {file = "regex-2021.11.10-cp37-cp37m-macosx_10_9_x86_64.whl", hash = "sha256:fff55f3ce50a3ff63ec8e2a8d3dd924f1941b250b0aac3d3d42b687eeff07a8e"},
    {file = "regex-2021.11.10-cp37-cp37m-manylinux_2_17_aarch64.manylinux2014_aarch64.whl", hash = "sha256:e32d2a2b02ccbef10145df9135751abea1f9f076e67a4e261b05f24b94219e36"},
    {file = "regex-2021.11.10-cp37-cp37m-manylinux_2_17_ppc64le.manylinux2014_ppc64le.whl", hash = "sha256:53db2c6be8a2710b359bfd3d3aa17ba38f8aa72a82309a12ae99d3c0c3dcd74d"},
    {file = "regex-2021.11.10-cp37-cp37m-manylinux_2_17_s390x.manylinux2014_s390x.whl", hash = "sha256:2207ae4f64ad3af399e2d30dde66f0b36ae5c3129b52885f1bffc2f05ec505c8"},
    {file = "regex-2021.11.10-cp37-cp37m-manylinux_2_17_x86_64.manylinux2014_x86_64.whl", hash = "sha256:d5ca078bb666c4a9d1287a379fe617a6dccd18c3e8a7e6c7e1eb8974330c626a"},
    {file = "regex-2021.11.10-cp37-cp37m-manylinux_2_5_i686.manylinux1_i686.manylinux_2_17_i686.manylinux2014_i686.whl", hash = "sha256:dd33eb9bdcfbabab3459c9ee651d94c842bc8a05fabc95edf4ee0c15a072495e"},
    {file = "regex-2021.11.10-cp37-cp37m-manylinux_2_5_x86_64.manylinux1_x86_64.manylinux_2_12_x86_64.manylinux2010_x86_64.whl", hash = "sha256:05b7d6d7e64efe309972adab77fc2af8907bb93217ec60aa9fe12a0dad35874f"},
    {file = "regex-2021.11.10-cp37-cp37m-win32.whl", hash = "sha256:e71255ba42567d34a13c03968736c5d39bb4a97ce98188fafb27ce981115beec"},
    {file = "regex-2021.11.10-cp37-cp37m-win_amd64.whl", hash = "sha256:07856afef5ffcc052e7eccf3213317fbb94e4a5cd8177a2caa69c980657b3cb4"},
    {file = "regex-2021.11.10-cp38-cp38-macosx_10_9_x86_64.whl", hash = "sha256:ba05430e819e58544e840a68b03b28b6d328aff2e41579037e8bab7653b37d83"},
    {file = "regex-2021.11.10-cp38-cp38-macosx_11_0_arm64.whl", hash = "sha256:7f301b11b9d214f83ddaf689181051e7f48905568b0c7017c04c06dfd065e244"},
    {file = "regex-2021.11.10-cp38-cp38-manylinux_2_17_aarch64.manylinux2014_aarch64.whl", hash = "sha256:4aaa4e0705ef2b73dd8e36eeb4c868f80f8393f5f4d855e94025ce7ad8525f50"},
    {file = "regex-2021.11.10-cp38-cp38-manylinux_2_17_ppc64le.manylinux2014_ppc64le.whl", hash = "sha256:788aef3549f1924d5c38263104dae7395bf020a42776d5ec5ea2b0d3d85d6646"},
    {file = "regex-2021.11.10-cp38-cp38-manylinux_2_17_s390x.manylinux2014_s390x.whl", hash = "sha256:f8af619e3be812a2059b212064ea7a640aff0568d972cd1b9e920837469eb3cb"},
    {file = "regex-2021.11.10-cp38-cp38-manylinux_2_17_x86_64.manylinux2014_x86_64.whl", hash = "sha256:85bfa6a5413be0ee6c5c4a663668a2cad2cbecdee367630d097d7823041bdeec"},
    {file = "regex-2021.11.10-cp38-cp38-manylinux_2_5_i686.manylinux1_i686.manylinux_2_17_i686.manylinux2014_i686.whl", hash = "sha256:f23222527b307970e383433daec128d769ff778d9b29343fb3496472dc20dabe"},
    {file = "regex-2021.11.10-cp38-cp38-manylinux_2_5_x86_64.manylinux1_x86_64.manylinux_2_12_x86_64.manylinux2010_x86_64.whl", hash = "sha256:da1a90c1ddb7531b1d5ff1e171b4ee61f6345119be7351104b67ff413843fe94"},
    {file = "regex-2021.11.10-cp38-cp38-win32.whl", hash = "sha256:0617383e2fe465732af4509e61648b77cbe3aee68b6ac8c0b6fe934db90be5cc"},
    {file = "regex-2021.11.10-cp38-cp38-win_amd64.whl", hash = "sha256:a3feefd5e95871872673b08636f96b61ebef62971eab044f5124fb4dea39919d"},
    {file = "regex-2021.11.10-cp39-cp39-macosx_10_9_x86_64.whl", hash = "sha256:f7f325be2804246a75a4f45c72d4ce80d2443ab815063cdf70ee8fb2ca59ee1b"},
    {file = "regex-2021.11.10-cp39-cp39-macosx_11_0_arm64.whl", hash = "sha256:537ca6a3586931b16a85ac38c08cc48f10fc870a5b25e51794c74df843e9966d"},
    {file = "regex-2021.11.10-cp39-cp39-manylinux_2_17_aarch64.manylinux2014_aarch64.whl", hash = "sha256:eef2afb0fd1747f33f1ee3e209bce1ed582d1896b240ccc5e2697e3275f037c7"},
    {file = "regex-2021.11.10-cp39-cp39-manylinux_2_17_ppc64le.manylinux2014_ppc64le.whl", hash = "sha256:432bd15d40ed835a51617521d60d0125867f7b88acf653e4ed994a1f8e4995dc"},
    {file = "regex-2021.11.10-cp39-cp39-manylinux_2_17_s390x.manylinux2014_s390x.whl", hash = "sha256:b43c2b8a330a490daaef5a47ab114935002b13b3f9dc5da56d5322ff218eeadb"},
    {file = "regex-2021.11.10-cp39-cp39-manylinux_2_17_x86_64.manylinux2014_x86_64.whl", hash = "sha256:962b9a917dd7ceacbe5cd424556914cb0d636001e393b43dc886ba31d2a1e449"},
    {file = "regex-2021.11.10-cp39-cp39-manylinux_2_5_i686.manylinux1_i686.manylinux_2_17_i686.manylinux2014_i686.whl", hash = "sha256:fa8c626d6441e2d04b6ee703ef2d1e17608ad44c7cb75258c09dd42bacdfc64b"},
    {file = "regex-2021.11.10-cp39-cp39-manylinux_2_5_x86_64.manylinux1_x86_64.manylinux_2_12_x86_64.manylinux2010_x86_64.whl", hash = "sha256:3c5fb32cc6077abad3bbf0323067636d93307c9fa93e072771cf9a64d1c0f3ef"},
    {file = "regex-2021.11.10-cp39-cp39-win32.whl", hash = "sha256:3b5df18db1fccd66de15aa59c41e4f853b5df7550723d26aa6cb7f40e5d9da5a"},
    {file = "regex-2021.11.10-cp39-cp39-win_amd64.whl", hash = "sha256:83ee89483672b11f8952b158640d0c0ff02dc43d9cb1b70c1564b49abe92ce29"},
    {file = "regex-2021.11.10.tar.gz", hash = "sha256:f341ee2df0999bfdf7a95e448075effe0db212a59387de1a70690e4acb03d4c6"},
]
requests = [
    {file = "requests-2.26.0-py2.py3-none-any.whl", hash = "sha256:6c1246513ecd5ecd4528a0906f910e8f0f9c6b8ec72030dc9fd154dc1a6efd24"},
    {file = "requests-2.26.0.tar.gz", hash = "sha256:b8aa58f8cf793ffd8782d3d8cb19e66ef36f7aba4353eec859e74678b01b07a7"},
]
six = [
    {file = "six-1.16.0-py2.py3-none-any.whl", hash = "sha256:8abb2f1d86890a2dfb989f9a77cfcfd3e47c2a354b01111771326f8aa26e0254"},
    {file = "six-1.16.0.tar.gz", hash = "sha256:1e61c37477a1626458e36f7b1d82aa5c9b094fa4802892072e49de9c60c4c926"},
]
smmap = [
    {file = "smmap-5.0.0-py3-none-any.whl", hash = "sha256:2aba19d6a040e78d8b09de5c57e96207b09ed71d8e55ce0959eeee6c8e190d94"},
    {file = "smmap-5.0.0.tar.gz", hash = "sha256:c840e62059cd3be204b0c9c9f74be2c09d5648eddd4580d9314c3ecde0b30936"},
]
toml = [
    {file = "toml-0.10.2-py2.py3-none-any.whl", hash = "sha256:806143ae5bfb6a3c6e736a764057db0e6a0e05e338b5630894a5f779cabb4f9b"},
    {file = "toml-0.10.2.tar.gz", hash = "sha256:b3bda1d108d5dd99f4a20d24d9c348e91c4db7ab1b749200bded2f839ccbe68f"},
]
typed-ast = [
    {file = "typed_ast-1.4.3-cp35-cp35m-manylinux1_i686.whl", hash = "sha256:2068531575a125b87a41802130fa7e29f26c09a2833fea68d9a40cf33902eba6"},
    {file = "typed_ast-1.4.3-cp35-cp35m-manylinux1_x86_64.whl", hash = "sha256:c907f561b1e83e93fad565bac5ba9c22d96a54e7ea0267c708bffe863cbe4075"},
    {file = "typed_ast-1.4.3-cp35-cp35m-manylinux2014_aarch64.whl", hash = "sha256:1b3ead4a96c9101bef08f9f7d1217c096f31667617b58de957f690c92378b528"},
    {file = "typed_ast-1.4.3-cp35-cp35m-win32.whl", hash = "sha256:dde816ca9dac1d9c01dd504ea5967821606f02e510438120091b84e852367428"},
    {file = "typed_ast-1.4.3-cp35-cp35m-win_amd64.whl", hash = "sha256:777a26c84bea6cd934422ac2e3b78863a37017618b6e5c08f92ef69853e765d3"},
    {file = "typed_ast-1.4.3-cp36-cp36m-macosx_10_9_x86_64.whl", hash = "sha256:f8afcf15cc511ada719a88e013cec87c11aff7b91f019295eb4530f96fe5ef2f"},
    {file = "typed_ast-1.4.3-cp36-cp36m-manylinux1_i686.whl", hash = "sha256:52b1eb8c83f178ab787f3a4283f68258525f8d70f778a2f6dd54d3b5e5fb4341"},
    {file = "typed_ast-1.4.3-cp36-cp36m-manylinux1_x86_64.whl", hash = "sha256:01ae5f73431d21eead5015997ab41afa53aa1fbe252f9da060be5dad2c730ace"},
    {file = "typed_ast-1.4.3-cp36-cp36m-manylinux2014_aarch64.whl", hash = "sha256:c190f0899e9f9f8b6b7863debfb739abcb21a5c054f911ca3596d12b8a4c4c7f"},
    {file = "typed_ast-1.4.3-cp36-cp36m-win32.whl", hash = "sha256:398e44cd480f4d2b7ee8d98385ca104e35c81525dd98c519acff1b79bdaac363"},
    {file = "typed_ast-1.4.3-cp36-cp36m-win_amd64.whl", hash = "sha256:bff6ad71c81b3bba8fa35f0f1921fb24ff4476235a6e94a26ada2e54370e6da7"},
    {file = "typed_ast-1.4.3-cp37-cp37m-macosx_10_9_x86_64.whl", hash = "sha256:0fb71b8c643187d7492c1f8352f2c15b4c4af3f6338f21681d3681b3dc31a266"},
    {file = "typed_ast-1.4.3-cp37-cp37m-manylinux1_i686.whl", hash = "sha256:760ad187b1041a154f0e4d0f6aae3e40fdb51d6de16e5c99aedadd9246450e9e"},
    {file = "typed_ast-1.4.3-cp37-cp37m-manylinux1_x86_64.whl", hash = "sha256:5feca99c17af94057417d744607b82dd0a664fd5e4ca98061480fd8b14b18d04"},
    {file = "typed_ast-1.4.3-cp37-cp37m-manylinux2014_aarch64.whl", hash = "sha256:95431a26309a21874005845c21118c83991c63ea800dd44843e42a916aec5899"},
    {file = "typed_ast-1.4.3-cp37-cp37m-win32.whl", hash = "sha256:aee0c1256be6c07bd3e1263ff920c325b59849dc95392a05f258bb9b259cf39c"},
    {file = "typed_ast-1.4.3-cp37-cp37m-win_amd64.whl", hash = "sha256:9ad2c92ec681e02baf81fdfa056fe0d818645efa9af1f1cd5fd6f1bd2bdfd805"},
    {file = "typed_ast-1.4.3-cp38-cp38-macosx_10_9_x86_64.whl", hash = "sha256:b36b4f3920103a25e1d5d024d155c504080959582b928e91cb608a65c3a49e1a"},
    {file = "typed_ast-1.4.3-cp38-cp38-manylinux1_i686.whl", hash = "sha256:067a74454df670dcaa4e59349a2e5c81e567d8d65458d480a5b3dfecec08c5ff"},
    {file = "typed_ast-1.4.3-cp38-cp38-manylinux1_x86_64.whl", hash = "sha256:7538e495704e2ccda9b234b82423a4038f324f3a10c43bc088a1636180f11a41"},
    {file = "typed_ast-1.4.3-cp38-cp38-manylinux2014_aarch64.whl", hash = "sha256:af3d4a73793725138d6b334d9d247ce7e5f084d96284ed23f22ee626a7b88e39"},
    {file = "typed_ast-1.4.3-cp38-cp38-win32.whl", hash = "sha256:f2362f3cb0f3172c42938946dbc5b7843c2a28aec307c49100c8b38764eb6927"},
    {file = "typed_ast-1.4.3-cp38-cp38-win_amd64.whl", hash = "sha256:dd4a21253f42b8d2b48410cb31fe501d32f8b9fbeb1f55063ad102fe9c425e40"},
    {file = "typed_ast-1.4.3-cp39-cp39-macosx_10_9_x86_64.whl", hash = "sha256:f328adcfebed9f11301eaedfa48e15bdece9b519fb27e6a8c01aa52a17ec31b3"},
    {file = "typed_ast-1.4.3-cp39-cp39-manylinux1_i686.whl", hash = "sha256:2c726c276d09fc5c414693a2de063f521052d9ea7c240ce553316f70656c84d4"},
    {file = "typed_ast-1.4.3-cp39-cp39-manylinux1_x86_64.whl", hash = "sha256:cae53c389825d3b46fb37538441f75d6aecc4174f615d048321b716df2757fb0"},
    {file = "typed_ast-1.4.3-cp39-cp39-manylinux2014_aarch64.whl", hash = "sha256:b9574c6f03f685070d859e75c7f9eeca02d6933273b5e69572e5ff9d5e3931c3"},
    {file = "typed_ast-1.4.3-cp39-cp39-win32.whl", hash = "sha256:209596a4ec71d990d71d5e0d312ac935d86930e6eecff6ccc7007fe54d703808"},
    {file = "typed_ast-1.4.3-cp39-cp39-win_amd64.whl", hash = "sha256:9c6d1a54552b5330bc657b7ef0eae25d00ba7ffe85d9ea8ae6540d2197a3788c"},
    {file = "typed_ast-1.4.3.tar.gz", hash = "sha256:fb1bbeac803adea29cedd70781399c99138358c26d05fcbd23c13016b7f5ec65"},
]
typing-extensions = [
    {file = "typing_extensions-4.0.0-py3-none-any.whl", hash = "sha256:829704698b22e13ec9eaf959122315eabb370b0884400e9818334d8b677023d9"},
]
urllib3 = [
    {file = "urllib3-1.26.7-py2.py3-none-any.whl", hash = "sha256:c4fdf4019605b6e5423637e01bc9fe4daef873709a7973e195ceba0a62bbc844"},
    {file = "urllib3-1.26.7.tar.gz", hash = "sha256:4987c65554f7a2dbf30c18fd48778ef124af6fab771a377103da0585e2336ece"},
]
wrapt = [
    {file = "wrapt-1.13.3-cp27-cp27m-macosx_10_9_x86_64.whl", hash = "sha256:e05e60ff3b2b0342153be4d1b597bbcfd8330890056b9619f4ad6b8d5c96a81a"},
    {file = "wrapt-1.13.3-cp27-cp27m-manylinux1_i686.whl", hash = "sha256:85148f4225287b6a0665eef08a178c15097366d46b210574a658c1ff5b377489"},
    {file = "wrapt-1.13.3-cp27-cp27m-manylinux1_x86_64.whl", hash = "sha256:2dded5496e8f1592ec27079b28b6ad2a1ef0b9296d270f77b8e4a3a796cf6909"},
    {file = "wrapt-1.13.3-cp27-cp27m-manylinux2010_i686.whl", hash = "sha256:e94b7d9deaa4cc7bac9198a58a7240aaf87fe56c6277ee25fa5b3aa1edebd229"},
    {file = "wrapt-1.13.3-cp27-cp27m-manylinux2010_x86_64.whl", hash = "sha256:498e6217523111d07cd67e87a791f5e9ee769f9241fcf8a379696e25806965af"},
    {file = "wrapt-1.13.3-cp27-cp27mu-manylinux1_i686.whl", hash = "sha256:ec7e20258ecc5174029a0f391e1b948bf2906cd64c198a9b8b281b811cbc04de"},
    {file = "wrapt-1.13.3-cp27-cp27mu-manylinux1_x86_64.whl", hash = "sha256:87883690cae293541e08ba2da22cacaae0a092e0ed56bbba8d018cc486fbafbb"},
    {file = "wrapt-1.13.3-cp27-cp27mu-manylinux2010_i686.whl", hash = "sha256:f99c0489258086308aad4ae57da9e8ecf9e1f3f30fa35d5e170b4d4896554d80"},
    {file = "wrapt-1.13.3-cp27-cp27mu-manylinux2010_x86_64.whl", hash = "sha256:6a03d9917aee887690aa3f1747ce634e610f6db6f6b332b35c2dd89412912bca"},
    {file = "wrapt-1.13.3-cp310-cp310-macosx_10_9_x86_64.whl", hash = "sha256:936503cb0a6ed28dbfa87e8fcd0a56458822144e9d11a49ccee6d9a8adb2ac44"},
    {file = "wrapt-1.13.3-cp310-cp310-manylinux_2_5_i686.manylinux1_i686.manylinux_2_12_i686.manylinux2010_i686.whl", hash = "sha256:f9c51d9af9abb899bd34ace878fbec8bf357b3194a10c4e8e0a25512826ef056"},
    {file = "wrapt-1.13.3-cp310-cp310-manylinux_2_5_x86_64.manylinux1_x86_64.manylinux_2_12_x86_64.manylinux2010_x86_64.whl", hash = "sha256:220a869982ea9023e163ba915077816ca439489de6d2c09089b219f4e11b6785"},
    {file = "wrapt-1.13.3-cp310-cp310-musllinux_1_1_i686.whl", hash = "sha256:0877fe981fd76b183711d767500e6b3111378ed2043c145e21816ee589d91096"},
    {file = "wrapt-1.13.3-cp310-cp310-musllinux_1_1_x86_64.whl", hash = "sha256:43e69ffe47e3609a6aec0fe723001c60c65305784d964f5007d5b4fb1bc6bf33"},
    {file = "wrapt-1.13.3-cp310-cp310-win32.whl", hash = "sha256:78dea98c81915bbf510eb6a3c9c24915e4660302937b9ae05a0947164248020f"},
    {file = "wrapt-1.13.3-cp310-cp310-win_amd64.whl", hash = "sha256:ea3e746e29d4000cd98d572f3ee2a6050a4f784bb536f4ac1f035987fc1ed83e"},
    {file = "wrapt-1.13.3-cp35-cp35m-manylinux1_i686.whl", hash = "sha256:8c73c1a2ec7c98d7eaded149f6d225a692caa1bd7b2401a14125446e9e90410d"},
    {file = "wrapt-1.13.3-cp35-cp35m-manylinux1_x86_64.whl", hash = "sha256:086218a72ec7d986a3eddb7707c8c4526d677c7b35e355875a0fe2918b059179"},
    {file = "wrapt-1.13.3-cp35-cp35m-manylinux2010_i686.whl", hash = "sha256:e92d0d4fa68ea0c02d39f1e2f9cb5bc4b4a71e8c442207433d8db47ee79d7aa3"},
    {file = "wrapt-1.13.3-cp35-cp35m-manylinux2010_x86_64.whl", hash = "sha256:d4a5f6146cfa5c7ba0134249665acd322a70d1ea61732723c7d3e8cc0fa80755"},
    {file = "wrapt-1.13.3-cp35-cp35m-win32.whl", hash = "sha256:8aab36778fa9bba1a8f06a4919556f9f8c7b33102bd71b3ab307bb3fecb21851"},
    {file = "wrapt-1.13.3-cp35-cp35m-win_amd64.whl", hash = "sha256:944b180f61f5e36c0634d3202ba8509b986b5fbaf57db3e94df11abee244ba13"},
    {file = "wrapt-1.13.3-cp36-cp36m-macosx_10_9_x86_64.whl", hash = "sha256:2ebdde19cd3c8cdf8df3fc165bc7827334bc4e353465048b36f7deeae8ee0918"},
    {file = "wrapt-1.13.3-cp36-cp36m-manylinux_2_5_i686.manylinux1_i686.manylinux_2_12_i686.manylinux2010_i686.whl", hash = "sha256:610f5f83dd1e0ad40254c306f4764fcdc846641f120c3cf424ff57a19d5f7ade"},
    {file = "wrapt-1.13.3-cp36-cp36m-manylinux_2_5_x86_64.manylinux1_x86_64.manylinux_2_12_x86_64.manylinux2010_x86_64.whl", hash = "sha256:5601f44a0f38fed36cc07db004f0eedeaadbdcec90e4e90509480e7e6060a5bc"},
    {file = "wrapt-1.13.3-cp36-cp36m-musllinux_1_1_i686.whl", hash = "sha256:e6906d6f48437dfd80464f7d7af1740eadc572b9f7a4301e7dd3d65db285cacf"},
    {file = "wrapt-1.13.3-cp36-cp36m-musllinux_1_1_x86_64.whl", hash = "sha256:766b32c762e07e26f50d8a3468e3b4228b3736c805018e4b0ec8cc01ecd88125"},
    {file = "wrapt-1.13.3-cp36-cp36m-win32.whl", hash = "sha256:5f223101f21cfd41deec8ce3889dc59f88a59b409db028c469c9b20cfeefbe36"},
    {file = "wrapt-1.13.3-cp36-cp36m-win_amd64.whl", hash = "sha256:f122ccd12fdc69628786d0c947bdd9cb2733be8f800d88b5a37c57f1f1d73c10"},
    {file = "wrapt-1.13.3-cp37-cp37m-macosx_10_9_x86_64.whl", hash = "sha256:46f7f3af321a573fc0c3586612db4decb7eb37172af1bc6173d81f5b66c2e068"},
    {file = "wrapt-1.13.3-cp37-cp37m-manylinux_2_5_i686.manylinux1_i686.manylinux_2_12_i686.manylinux2010_i686.whl", hash = "sha256:778fd096ee96890c10ce96187c76b3e99b2da44e08c9e24d5652f356873f6709"},
    {file = "wrapt-1.13.3-cp37-cp37m-manylinux_2_5_x86_64.manylinux1_x86_64.manylinux_2_12_x86_64.manylinux2010_x86_64.whl", hash = "sha256:0cb23d36ed03bf46b894cfec777eec754146d68429c30431c99ef28482b5c1df"},
    {file = "wrapt-1.13.3-cp37-cp37m-musllinux_1_1_i686.whl", hash = "sha256:96b81ae75591a795d8c90edc0bfaab44d3d41ffc1aae4d994c5aa21d9b8e19a2"},
    {file = "wrapt-1.13.3-cp37-cp37m-musllinux_1_1_x86_64.whl", hash = "sha256:7dd215e4e8514004c8d810a73e342c536547038fb130205ec4bba9f5de35d45b"},
    {file = "wrapt-1.13.3-cp37-cp37m-win32.whl", hash = "sha256:47f0a183743e7f71f29e4e21574ad3fa95676136f45b91afcf83f6a050914829"},
    {file = "wrapt-1.13.3-cp37-cp37m-win_amd64.whl", hash = "sha256:fd76c47f20984b43d93de9a82011bb6e5f8325df6c9ed4d8310029a55fa361ea"},
    {file = "wrapt-1.13.3-cp38-cp38-macosx_10_9_x86_64.whl", hash = "sha256:b73d4b78807bd299b38e4598b8e7bd34ed55d480160d2e7fdaabd9931afa65f9"},
    {file = "wrapt-1.13.3-cp38-cp38-manylinux_2_5_i686.manylinux1_i686.manylinux_2_12_i686.manylinux2010_i686.whl", hash = "sha256:ec9465dd69d5657b5d2fa6133b3e1e989ae27d29471a672416fd729b429eb554"},
    {file = "wrapt-1.13.3-cp38-cp38-manylinux_2_5_x86_64.manylinux1_x86_64.manylinux_2_12_x86_64.manylinux2010_x86_64.whl", hash = "sha256:dd91006848eb55af2159375134d724032a2d1d13bcc6f81cd8d3ed9f2b8e846c"},
    {file = "wrapt-1.13.3-cp38-cp38-musllinux_1_1_i686.whl", hash = "sha256:ae9de71eb60940e58207f8e71fe113c639da42adb02fb2bcbcaccc1ccecd092b"},
    {file = "wrapt-1.13.3-cp38-cp38-musllinux_1_1_x86_64.whl", hash = "sha256:51799ca950cfee9396a87f4a1240622ac38973b6df5ef7a41e7f0b98797099ce"},
    {file = "wrapt-1.13.3-cp38-cp38-win32.whl", hash = "sha256:4b9c458732450ec42578b5642ac53e312092acf8c0bfce140ada5ca1ac556f79"},
    {file = "wrapt-1.13.3-cp38-cp38-win_amd64.whl", hash = "sha256:7dde79d007cd6dfa65afe404766057c2409316135cb892be4b1c768e3f3a11cb"},
    {file = "wrapt-1.13.3-cp39-cp39-macosx_10_9_x86_64.whl", hash = "sha256:981da26722bebb9247a0601e2922cedf8bb7a600e89c852d063313102de6f2cb"},
    {file = "wrapt-1.13.3-cp39-cp39-manylinux_2_5_i686.manylinux1_i686.manylinux_2_12_i686.manylinux2010_i686.whl", hash = "sha256:705e2af1f7be4707e49ced9153f8d72131090e52be9278b5dbb1498c749a1e32"},
    {file = "wrapt-1.13.3-cp39-cp39-manylinux_2_5_x86_64.manylinux1_x86_64.manylinux_2_12_x86_64.manylinux2010_x86_64.whl", hash = "sha256:25b1b1d5df495d82be1c9d2fad408f7ce5ca8a38085e2da41bb63c914baadff7"},
    {file = "wrapt-1.13.3-cp39-cp39-musllinux_1_1_i686.whl", hash = "sha256:77416e6b17926d953b5c666a3cb718d5945df63ecf922af0ee576206d7033b5e"},
    {file = "wrapt-1.13.3-cp39-cp39-musllinux_1_1_x86_64.whl", hash = "sha256:865c0b50003616f05858b22174c40ffc27a38e67359fa1495605f96125f76640"},
    {file = "wrapt-1.13.3-cp39-cp39-win32.whl", hash = "sha256:0a017a667d1f7411816e4bf214646d0ad5b1da2c1ea13dec6c162736ff25a374"},
    {file = "wrapt-1.13.3-cp39-cp39-win_amd64.whl", hash = "sha256:81bd7c90d28a4b2e1df135bfbd7c23aee3050078ca6441bead44c42483f9ebfb"},
    {file = "wrapt-1.13.3.tar.gz", hash = "sha256:1fea9cd438686e6682271d36f3481a9f3636195578bab9ca3382e2f5f01fc185"},
]
zipp = [
    {file = "zipp-3.6.0-py3-none-any.whl", hash = "sha256:9fe5ea21568a0a70e50f273397638d39b03353731e6cbbb3fd8502a33fec40bc"},
    {file = "zipp-3.6.0.tar.gz", hash = "sha256:71c644c5369f4a6e07636f0aa966270449561fcea2e3d6747b8d23efaa9d7832"},
]
